
Microsoft Visual Studio Solution File, Format Version 12.00
# Visual Studio Version 17
VisualStudioVersion = 17.5.33627.172
MinimumVisualStudioVersion = 10.0.40219.1
Project("{FAE04EC0-301F-11D3-BF4B-00C04F79EFBC}") = "MediStock_Service", "MediStock_Service\MediStock_Service.csproj", "{4249293C-1925-4308-AD82-89C1F6DE0A1A}"
EndProject
Global
	GlobalSection(SolutionConfigurationPlatforms) = preSolution
		Debug|Any CPU = Debug|Any CPU
		Release|Any CPU = Release|Any CPU
	EndGlobalSection
	GlobalSection(ProjectConfigurationPlatforms) = postSolution
		{4249293C-1925-4308-AD82-89C1F6DE0A1A}.Debug|Any CPU.ActiveCfg = Debug|Any CPU
		{4249293C-1925-4308-AD82-89C1F6DE0A1A}.Debug|Any CPU.Build.0 = Debug|Any CPU
		{4249293C-1925-4308-AD82-89C1F6DE0A1A}.Release|Any CPU.ActiveCfg = Release|Any CPU
		{4249293C-1925-4308-AD82-89C1F6DE0A1A}.Release|Any CPU.Build.0 = Release|Any CPU
	EndGlobalSection
	GlobalSection(SolutionProperties) = preSolution
		HideSolutionNode = FALSE
	EndGlobalSection
	GlobalSection(ExtensibilityGlobals) = postSolution
		SolutionGuid = {BB97E9E2-1289-4316-8AC0-C361C757AF70}
	EndGlobalSection
EndGlobal
